
Microsoft Visual Studio Solution File, Format Version 12.00
# Visual Studio Version 17
VisualStudioVersion = 17.7.34031.279
MinimumVisualStudioVersion = 10.0.40219.1
Project("{FAE04EC0-301F-11D3-BF4B-00C04F79EFBC}") = "BasicClassAndConstructor", "BasicProject1\BasicClassAndConstructor.csproj", "{BE432324-BB86-48D0-BC7D-CC225A1D1851}"
EndProject
Project("{FAE04EC0-301F-11D3-BF4B-00C04F79EFBC}") = "AccessSpecifiers", "AccessSpecifiers\AccessSpecifiers.csproj", "{05BC9EAA-8E4B-4564-9567-237D509DC418}"
EndProject
Project("{FAE04EC0-301F-11D3-BF4B-00C04F79EFBC}") = "DifferentProjectForAccessSpecifiers", "DifferentProjectForAccessSpecifiers\DifferentProjectForAccessSpecifiers.csproj", "{7F86C3FF-6CDA-49B6-9416-9AC0525C1C48}"
EndProject
Project("{2150E333-8FDC-42A3-9474-1A3956D46DE8}") = "1-BasicClassAndConstructor", "1-BasicClassAndConstructor", "{0FE6F84D-968C-4AA5-AA42-06F446A6925C}"
EndProject
Project("{2150E333-8FDC-42A3-9474-1A3956D46DE8}") = "2-Acess-Specifiers", "2-Acess-Specifiers", "{049715FC-1BCB-4DE2-B14A-81CB9EEA793B}"
EndProject
Project("{2150E333-8FDC-42A3-9474-1A3956D46DE8}") = "3-Variables", "3-Variables", "{2A42F1EA-3713-4205-8014-4F0F70954414}"
EndProject
Project("{FAE04EC0-301F-11D3-BF4B-00C04F79EFBC}") = "Variables", "Variables\Variables.csproj", "{BFE21DE8-599B-448D-8EBE-E3533965FA63}"
EndProject
Project("{2150E333-8FDC-42A3-9474-1A3956D46DE8}") = "4-Inheritance", "4-Inheritance", "{44807549-C126-4993-BD32-C7B9B0B59B16}"
EndProject
Project("{FAE04EC0-301F-11D3-BF4B-00C04F79EFBC}") = "Inheritance", "InheritanceClass\Inheritance.csproj", "{0C547292-0982-46CF-8BB9-394860E1F225}"
EndProject
Project("{2150E333-8FDC-42A3-9474-1A3956D46DE8}") = "5-Method Overloading", "5-Method Overloading", "{2BBC79B8-F50D-45D6-812D-BB1E4BAFEC73}"
EndProject
Project("{FAE04EC0-301F-11D3-BF4B-00C04F79EFBC}") = "MethodOverloading", "MethodOverloading\MethodOverloading.csproj", "{725F1249-4401-4FE4-8B7D-449E200C953A}"
EndProject
Project("{2150E333-8FDC-42A3-9474-1A3956D46DE8}") = "6-Method Overriding", "6-Method Overriding", "{51982B6B-E40D-41B7-8279-16D384128A62}"
EndProject
Project("{FAE04EC0-301F-11D3-BF4B-00C04F79EFBC}") = "Method Overriding", "Method Overriding\Method Overriding.csproj", "{ECDB5CDC-AA96-42B8-9FDB-E26C603B1347}"
EndProject
Project("{2150E333-8FDC-42A3-9474-1A3956D46DE8}") = "7-Method Hiding", "7-Method Hiding", "{C5919D52-CAF1-4DCE-AAB7-5DC93F98FFB0}"
EndProject
Project("{FAE04EC0-301F-11D3-BF4B-00C04F79EFBC}") = "Method Hiding", "Method Hiding\Method Hiding.csproj", "{9DCD7B51-E241-4F23-9314-8875AEE85F5E}"
EndProject
Project("{2150E333-8FDC-42A3-9474-1A3956D46DE8}") = "8-Operator Overloading", "8-Operator Overloading", "{59EF0615-CA13-4FD6-86CC-42E3939D0A81}"
EndProject
Project("{FAE04EC0-301F-11D3-BF4B-00C04F79EFBC}") = "OperatorOverloading", "OperatorOverloading\OperatorOverloading.csproj", "{E68A526C-E440-4BE8-ADAF-3B1E5890E697}"
EndProject
Project("{2150E333-8FDC-42A3-9474-1A3956D46DE8}") = "9-Abstract Class", "9-Abstract Class", "{3DFBB4A9-BC4C-42F7-B860-8BDCA49D4FD6}"
EndProject
Project("{FAE04EC0-301F-11D3-BF4B-00C04F79EFBC}") = "AbstractClasses", "AbstractClasses\AbstractClasses.csproj", "{A415CD9B-5E10-44E0-88CA-EF3740D10E05}"
EndProject
Project("{2150E333-8FDC-42A3-9474-1A3956D46DE8}") = "10-Interface", "10-Interface", "{CFF4A58E-5BD3-4510-BEFF-FE9641C4F020}"
EndProject
Project("{FAE04EC0-301F-11D3-BF4B-00C04F79EFBC}") = "Interface", "Interface\Interface.csproj", "{7A40A139-653D-42AF-8546-E5F06CAB21A5}"
EndProject
Project("{FAE04EC0-301F-11D3-BF4B-00C04F79EFBC}") = "MultipleInheritanceThroughInheritance", "MultipleInheritanceThroughInheritance\MultipleInheritanceThroughInheritance.csproj", "{E9BEC0AC-D218-4961-8608-130DE402F0CD}"
EndProject
Project("{2150E333-8FDC-42A3-9474-1A3956D46DE8}") = "11-Structures", "11-Structures", "{F46CA849-C0E2-40AB-A0CA-F1F738398E35}"
EndProject
Project("{FAE04EC0-301F-11D3-BF4B-00C04F79EFBC}") = "Structures", "Structures\Structures.csproj", "{44188A43-E75C-46DB-A61F-E1A2B4F4CD64}"
EndProject
Project("{2150E333-8FDC-42A3-9474-1A3956D46DE8}") = "12-Enumeration", "12-Enumeration", "{CA89F605-E319-493E-8A1E-F00085C5E588}"
EndProject
Project("{FAE04EC0-301F-11D3-BF4B-00C04F79EFBC}") = "Enumeration", "Enumeration\Enumeration.csproj", "{D8EDA741-193A-4E2A-9BD4-428FE33702E3}"
EndProject
Project("{2150E333-8FDC-42A3-9474-1A3956D46DE8}") = "13-Properties", "13-Properties", "{92FC9AEE-D74C-4ED7-8D43-8AC569A52823}"
EndProject
Project("{FAE04EC0-301F-11D3-BF4B-00C04F79EFBC}") = "PropertiesInC#", "PropertiesInC#\PropertiesInC#.csproj", "{C8079CC3-0050-477D-8164-ADF456831AF2}"
EndProject
Project("{FAE04EC0-301F-11D3-BF4B-00C04F79EFBC}") = "CustomerEntityProject", "CustomerEntityProject\CustomerEntityProject.csproj", "{76A08CAC-D4E3-4A1B-A9A6-D11CB2947354}"
EndProject
Global
	GlobalSection(SolutionConfigurationPlatforms) = preSolution
		Debug|Any CPU = Debug|Any CPU
		Release|Any CPU = Release|Any CPU
	EndGlobalSection
	GlobalSection(ProjectConfigurationPlatforms) = postSolution
		{BE432324-BB86-48D0-BC7D-CC225A1D1851}.Debug|Any CPU.ActiveCfg = Debug|Any CPU
		{BE432324-BB86-48D0-BC7D-CC225A1D1851}.Debug|Any CPU.Build.0 = Debug|Any CPU
		{BE432324-BB86-48D0-BC7D-CC225A1D1851}.Release|Any CPU.ActiveCfg = Release|Any CPU
		{BE432324-BB86-48D0-BC7D-CC225A1D1851}.Release|Any CPU.Build.0 = Release|Any CPU
		{05BC9EAA-8E4B-4564-9567-237D509DC418}.Debug|Any CPU.ActiveCfg = Debug|Any CPU
		{05BC9EAA-8E4B-4564-9567-237D509DC418}.Debug|Any CPU.Build.0 = Debug|Any CPU
		{05BC9EAA-8E4B-4564-9567-237D509DC418}.Release|Any CPU.ActiveCfg = Release|Any CPU
		{05BC9EAA-8E4B-4564-9567-237D509DC418}.Release|Any CPU.Build.0 = Release|Any CPU
		{7F86C3FF-6CDA-49B6-9416-9AC0525C1C48}.Debug|Any CPU.ActiveCfg = Debug|Any CPU
		{7F86C3FF-6CDA-49B6-9416-9AC0525C1C48}.Debug|Any CPU.Build.0 = Debug|Any CPU
		{7F86C3FF-6CDA-49B6-9416-9AC0525C1C48}.Release|Any CPU.ActiveCfg = Release|Any CPU
		{7F86C3FF-6CDA-49B6-9416-9AC0525C1C48}.Release|Any CPU.Build.0 = Release|Any CPU
		{BFE21DE8-599B-448D-8EBE-E3533965FA63}.Debug|Any CPU.ActiveCfg = Debug|Any CPU
		{BFE21DE8-599B-448D-8EBE-E3533965FA63}.Debug|Any CPU.Build.0 = Debug|Any CPU
		{BFE21DE8-599B-448D-8EBE-E3533965FA63}.Release|Any CPU.ActiveCfg = Release|Any CPU
		{BFE21DE8-599B-448D-8EBE-E3533965FA63}.Release|Any CPU.Build.0 = Release|Any CPU
		{0C547292-0982-46CF-8BB9-394860E1F225}.Debug|Any CPU.ActiveCfg = Debug|Any CPU
		{0C547292-0982-46CF-8BB9-394860E1F225}.Debug|Any CPU.Build.0 = Debug|Any CPU
		{0C547292-0982-46CF-8BB9-394860E1F225}.Release|Any CPU.ActiveCfg = Release|Any CPU
		{0C547292-0982-46CF-8BB9-394860E1F225}.Release|Any CPU.Build.0 = Release|Any CPU
		{725F1249-4401-4FE4-8B7D-449E200C953A}.Debug|Any CPU.ActiveCfg = Debug|Any CPU
		{725F1249-4401-4FE4-8B7D-449E200C953A}.Debug|Any CPU.Build.0 = Debug|Any CPU
		{725F1249-4401-4FE4-8B7D-449E200C953A}.Release|Any CPU.ActiveCfg = Release|Any CPU
		{725F1249-4401-4FE4-8B7D-449E200C953A}.Release|Any CPU.Build.0 = Release|Any CPU
		{ECDB5CDC-AA96-42B8-9FDB-E26C603B1347}.Debug|Any CPU.ActiveCfg = Debug|Any CPU
		{ECDB5CDC-AA96-42B8-9FDB-E26C603B1347}.Debug|Any CPU.Build.0 = Debug|Any CPU
		{ECDB5CDC-AA96-42B8-9FDB-E26C603B1347}.Release|Any CPU.ActiveCfg = Release|Any CPU
		{ECDB5CDC-AA96-42B8-9FDB-E26C603B1347}.Release|Any CPU.Build.0 = Release|Any CPU
		{9DCD7B51-E241-4F23-9314-8875AEE85F5E}.Debug|Any CPU.ActiveCfg = Debug|Any CPU
		{9DCD7B51-E241-4F23-9314-8875AEE85F5E}.Debug|Any CPU.Build.0 = Debug|Any CPU
		{9DCD7B51-E241-4F23-9314-8875AEE85F5E}.Release|Any CPU.ActiveCfg = Release|Any CPU
		{9DCD7B51-E241-4F23-9314-8875AEE85F5E}.Release|Any CPU.Build.0 = Release|Any CPU
		{E68A526C-E440-4BE8-ADAF-3B1E5890E697}.Debug|Any CPU.ActiveCfg = Debug|Any CPU
		{E68A526C-E440-4BE8-ADAF-3B1E5890E697}.Debug|Any CPU.Build.0 = Debug|Any CPU
		{E68A526C-E440-4BE8-ADAF-3B1E5890E697}.Release|Any CPU.ActiveCfg = Release|Any CPU
		{E68A526C-E440-4BE8-ADAF-3B1E5890E697}.Release|Any CPU.Build.0 = Release|Any CPU
		{A415CD9B-5E10-44E0-88CA-EF3740D10E05}.Debug|Any CPU.ActiveCfg = Debug|Any CPU
		{A415CD9B-5E10-44E0-88CA-EF3740D10E05}.Debug|Any CPU.Build.0 = Debug|Any CPU
		{A415CD9B-5E10-44E0-88CA-EF3740D10E05}.Release|Any CPU.ActiveCfg = Release|Any CPU
		{A415CD9B-5E10-44E0-88CA-EF3740D10E05}.Release|Any CPU.Build.0 = Release|Any CPU
		{7A40A139-653D-42AF-8546-E5F06CAB21A5}.Debug|Any CPU.ActiveCfg = Debug|Any CPU
		{7A40A139-653D-42AF-8546-E5F06CAB21A5}.Debug|Any CPU.Build.0 = Debug|Any CPU
		{7A40A139-653D-42AF-8546-E5F06CAB21A5}.Release|Any CPU.ActiveCfg = Release|Any CPU
		{7A40A139-653D-42AF-8546-E5F06CAB21A5}.Release|Any CPU.Build.0 = Release|Any CPU
		{E9BEC0AC-D218-4961-8608-130DE402F0CD}.Debug|Any CPU.ActiveCfg = Debug|Any CPU
		{E9BEC0AC-D218-4961-8608-130DE402F0CD}.Debug|Any CPU.Build.0 = Debug|Any CPU
		{E9BEC0AC-D218-4961-8608-130DE402F0CD}.Release|Any CPU.ActiveCfg = Release|Any CPU
		{E9BEC0AC-D218-4961-8608-130DE402F0CD}.Release|Any CPU.Build.0 = Release|Any CPU
		{44188A43-E75C-46DB-A61F-E1A2B4F4CD64}.Debug|Any CPU.ActiveCfg = Debug|Any CPU
		{44188A43-E75C-46DB-A61F-E1A2B4F4CD64}.Debug|Any CPU.Build.0 = Debug|Any CPU
		{44188A43-E75C-46DB-A61F-E1A2B4F4CD64}.Release|Any CPU.ActiveCfg = Release|Any CPU
		{44188A43-E75C-46DB-A61F-E1A2B4F4CD64}.Release|Any CPU.Build.0 = Release|Any CPU
		{D8EDA741-193A-4E2A-9BD4-428FE33702E3}.Debug|Any CPU.ActiveCfg = Debug|Any CPU
		{D8EDA741-193A-4E2A-9BD4-428FE33702E3}.Debug|Any CPU.Build.0 = Debug|Any CPU
		{D8EDA741-193A-4E2A-9BD4-428FE33702E3}.Release|Any CPU.ActiveCfg = Release|Any CPU
		{D8EDA741-193A-4E2A-9BD4-428FE33702E3}.Release|Any CPU.Build.0 = Release|Any CPU
		{C8079CC3-0050-477D-8164-ADF456831AF2}.Debug|Any CPU.ActiveCfg = Debug|Any CPU
		{C8079CC3-0050-477D-8164-ADF456831AF2}.Debug|Any CPU.Build.0 = Debug|Any CPU
		{C8079CC3-0050-477D-8164-ADF456831AF2}.Release|Any CPU.ActiveCfg = Release|Any CPU
		{C8079CC3-0050-477D-8164-ADF456831AF2}.Release|Any CPU.Build.0 = Release|Any CPU
		{76A08CAC-D4E3-4A1B-A9A6-D11CB2947354}.Debug|Any CPU.ActiveCfg = Debug|Any CPU
		{76A08CAC-D4E3-4A1B-A9A6-D11CB2947354}.Debug|Any CPU.Build.0 = Debug|Any CPU
		{76A08CAC-D4E3-4A1B-A9A6-D11CB2947354}.Release|Any CPU.ActiveCfg = Release|Any CPU
		{76A08CAC-D4E3-4A1B-A9A6-D11CB2947354}.Release|Any CPU.Build.0 = Release|Any CPU
	EndGlobalSection
	GlobalSection(SolutionProperties) = preSolution
		HideSolutionNode = FALSE
	EndGlobalSection
	GlobalSection(NestedProjects) = preSolution
		{BE432324-BB86-48D0-BC7D-CC225A1D1851} = {0FE6F84D-968C-4AA5-AA42-06F446A6925C}
		{05BC9EAA-8E4B-4564-9567-237D509DC418} = {049715FC-1BCB-4DE2-B14A-81CB9EEA793B}
		{7F86C3FF-6CDA-49B6-9416-9AC0525C1C48} = {049715FC-1BCB-4DE2-B14A-81CB9EEA793B}
		{BFE21DE8-599B-448D-8EBE-E3533965FA63} = {2A42F1EA-3713-4205-8014-4F0F70954414}
		{0C547292-0982-46CF-8BB9-394860E1F225} = {44807549-C126-4993-BD32-C7B9B0B59B16}
		{725F1249-4401-4FE4-8B7D-449E200C953A} = {2BBC79B8-F50D-45D6-812D-BB1E4BAFEC73}
		{ECDB5CDC-AA96-42B8-9FDB-E26C603B1347} = {51982B6B-E40D-41B7-8279-16D384128A62}
		{9DCD7B51-E241-4F23-9314-8875AEE85F5E} = {C5919D52-CAF1-4DCE-AAB7-5DC93F98FFB0}
		{E68A526C-E440-4BE8-ADAF-3B1E5890E697} = {59EF0615-CA13-4FD6-86CC-42E3939D0A81}
		{A415CD9B-5E10-44E0-88CA-EF3740D10E05} = {3DFBB4A9-BC4C-42F7-B860-8BDCA49D4FD6}
		{7A40A139-653D-42AF-8546-E5F06CAB21A5} = {CFF4A58E-5BD3-4510-BEFF-FE9641C4F020}
		{E9BEC0AC-D218-4961-8608-130DE402F0CD} = {CFF4A58E-5BD3-4510-BEFF-FE9641C4F020}
		{44188A43-E75C-46DB-A61F-E1A2B4F4CD64} = {F46CA849-C0E2-40AB-A0CA-F1F738398E35}
		{D8EDA741-193A-4E2A-9BD4-428FE33702E3} = {CA89F605-E319-493E-8A1E-F00085C5E588}
		{C8079CC3-0050-477D-8164-ADF456831AF2} = {92FC9AEE-D74C-4ED7-8D43-8AC569A52823}
		{76A08CAC-D4E3-4A1B-A9A6-D11CB2947354} = {92FC9AEE-D74C-4ED7-8D43-8AC569A52823}
	EndGlobalSection
	GlobalSection(ExtensibilityGlobals) = postSolution
		SolutionGuid = {C2807546-A368-46CB-B23F-8E79F3A62555}
	EndGlobalSection
EndGlobal
